
Microsoft Visual Studio Solution File, Format Version 12.00
Project("{FAE04EC0-301F-11D3-BF4B-00C04F79EFBC}") = "CoDraw", "CoDraw.csproj", "{A0E2E12D-0DFE-4742-8094-9AAA580CC961}"
EndProject
Global
	GlobalSection(SolutionConfigurationPlatforms) = preSolution
		Debug|Any CPU = Debug|Any CPU
		Release|Any CPU = Release|Any CPU
	EndGlobalSection
	GlobalSection(ProjectConfigurationPlatforms) = postSolution
		{A0E2E12D-0DFE-4742-8094-9AAA580CC961}.Debug|Any CPU.ActiveCfg = Debug|Any CPU
		{A0E2E12D-0DFE-4742-8094-9AAA580CC961}.Debug|Any CPU.Build.0 = Debug|Any CPU
		{A0E2E12D-0DFE-4742-8094-9AAA580CC961}.Release|Any CPU.ActiveCfg = Release|Any CPU
		{A0E2E12D-0DFE-4742-8094-9AAA580CC961}.Release|Any CPU.Build.0 = Release|Any CPU
	EndGlobalSection
EndGlobal
